
Microsoft Visual Studio Solution File, Format Version 12.00
# Visual Studio Version 18
VisualStudioVersion = 18.0.11217.181
MinimumVisualStudioVersion = 10.0.40219.1
Project("{FAE04EC0-301F-11D3-BF4B-00C04F79EFBC}") = "Medium API MCP GH", "Medium API MCP GH.csproj", "{EA0DA5CD-5F80-4E3C-9C82-33FF8BDCBC24}"
EndProject
Global
	GlobalSection(SolutionConfigurationPlatforms) = preSolution
		Debug|Any CPU = Debug|Any CPU
		Release|Any CPU = Release|Any CPU
	EndGlobalSection
	GlobalSection(ProjectConfigurationPlatforms) = postSolution
		{EA0DA5CD-5F80-4E3C-9C82-33FF8BDCBC24}.Debug|Any CPU.ActiveCfg = Debug|Any CPU
		{EA0DA5CD-5F80-4E3C-9C82-33FF8BDCBC24}.Debug|Any CPU.Build.0 = Debug|Any CPU
		{EA0DA5CD-5F80-4E3C-9C82-33FF8BDCBC24}.Release|Any CPU.ActiveCfg = Release|Any CPU
		{EA0DA5CD-5F80-4E3C-9C82-33FF8BDCBC24}.Release|Any CPU.Build.0 = Release|Any CPU
	EndGlobalSection
	GlobalSection(SolutionProperties) = preSolution
		HideSolutionNode = FALSE
	EndGlobalSection
	GlobalSection(ExtensibilityGlobals) = postSolution
		SolutionGuid = {30D6E906-6B70-405D-A072-C9442ACCA9F5}
	EndGlobalSection
EndGlobal
